// !$*UTF8*$!
{
	archiveVersion = 1;
	classes = {
	};
	objectVersion = 50;
	objects = {

/* Begin PBXBuildFile section */
		DC31F7A422DB2BE200BDF29C /* scene.c in Sources */ = {isa = PBXBuildFile; fileRef = DC31F7A322DB2BE200BDF29C /* scene.c */; };
		DC31F7A722DB5EC000BDF29C /* game.c in Sources */ = {isa = PBXBuildFile; fileRef = DC31F7A622DB5EC000BDF29C /* game.c */; };
		DC31F7AB22DB644100BDF29C /* render.c in Sources */ = {isa = PBXBuildFile; fileRef = DC31F7AA22DB644100BDF29C /* render.c */; };
		DC31F7AE22DB662700BDF29C /* keyboard.c in Sources */ = {isa = PBXBuildFile; fileRef = DC31F7AD22DB662700BDF29C /* keyboard.c */; };
		DC31F7B222DB745200BDF29C /* level-title.c in Sources */ = {isa = PBXBuildFile; fileRef = DC31F7B122DB745200BDF29C /* level-title.c */; };
		DC31F7B922DB8ED600BDF29C /* game-over.c in Sources */ = {isa = PBXBuildFile; fileRef = DC31F7B822DB8ED600BDF29C /* game-over.c */; };
		DC3347C32283D3320027F173 /* floodfill.c in Sources */ = {isa = PBXBuildFile; fileRef = DC3347C22283D3320027F173 /* floodfill.c */; };
		DC4A1EBE22DC94B300FAB5E1 /* transition.c in Sources */ = {isa = PBXBuildFile; fileRef = DC4A1EBD22DC94B300FAB5E1 /* transition.c */; };
		DC4A1EC522DCA8AA00FAB5E1 /* title.c in Sources */ = {isa = PBXBuildFile; fileRef = DC4A1EC422DCA8AA00FAB5E1 /* title.c */; };
		DC5F74E1228F1404007A2301 /* engine.c in Sources */ = {isa = PBXBuildFile; fileRef = DC5F74E0228F1404007A2301 /* engine.c */; };
		DC68FA2022C237A30036515E /* player.c in Sources */ = {isa = PBXBuildFile; fileRef = DC68FA1F22C237A30036515E /* player.c */; };
		DC68FA2822C241EA0036515E /* enemy.c in Sources */ = {isa = PBXBuildFile; fileRef = DC68FA2722C241EA0036515E /* enemy.c */; };
		DC77734F225A168C00F8EA1B /* main.c in Sources */ = {isa = PBXBuildFile; fileRef = DC77734E225A168C00F8EA1B /* main.c */; };
		DC777358225A169A00F8EA1B /* GLUT.framework in Frameworks */ = {isa = PBXBuildFile; fileRef = DC777356225A169A00F8EA1B /* GLUT.framework */; };
		DC777359225A169A00F8EA1B /* OpenGL.framework in Frameworks */ = {isa = PBXBuildFile; fileRef = DC777357225A169A00F8EA1B /* OpenGL.framework */; };
		DC8A4C302278819600D6BCA4 /* maze.c in Sources */ = {isa = PBXBuildFile; fileRef = DC8A4C2F2278819600D6BCA4 /* maze.c */; };
		DC8A4C332278826300D6BCA4 /* direction.c in Sources */ = {isa = PBXBuildFile; fileRef = DC8A4C322278826300D6BCA4 /* direction.c */; };
		DC8A4C3A2278AB6B00D6BCA4 /* util.c in Sources */ = {isa = PBXBuildFile; fileRef = DC8A4C392278AB6B00D6BCA4 /* util.c */; };
		DC8A4C52227B52E500D6BCA4 /* list.c in Sources */ = {isa = PBXBuildFile; fileRef = DC8A4C51227B52E500D6BCA4 /* list.c */; };
		DC8B3D9B22B3CBC700E863B3 /* texture.c in Sources */ = {isa = PBXBuildFile; fileRef = DC8B3D9A22B3CBC700E863B3 /* texture.c */; };
		DC8B3DA622B64F6700E863B3 /* state.c in Sources */ = {isa = PBXBuildFile; fileRef = DC8B3DA522B64F6700E863B3 /* state.c */; };
		DC8B3DA922B67DDA00E863B3 /* fx.c in Sources */ = {isa = PBXBuildFile; fileRef = DC8B3DA822B67DDA00E863B3 /* fx.c */; };
/* End PBXBuildFile section */

/* Begin PBXCopyFilesBuildPhase section */
		DC777349225A168C00F8EA1B /* CopyFiles */ = {
			isa = PBXCopyFilesBuildPhase;
			buildActionMask = 2147483647;
			dstPath = /usr/share/man/man1/;
			dstSubfolderSpec = 0;
			files = (
			);
			runOnlyForDeploymentPostprocessing = 1;
		};
/* End PBXCopyFilesBuildPhase section */

/* Begin PBXFileReference section */
		DC31F7A222DB2BE200BDF29C /* scene.h */ = {isa = PBXFileReference; lastKnownFileType = sourcecode.c.h; path = scene.h; sourceTree = "<group>"; };
		DC31F7A322DB2BE200BDF29C /* scene.c */ = {isa = PBXFileReference; lastKnownFileType = sourcecode.c.c; path = scene.c; sourceTree = "<group>"; };
		DC31F7A522DB5EC000BDF29C /* game.h */ = {isa = PBXFileReference; lastKnownFileType = sourcecode.c.h; path = game.h; sourceTree = "<group>"; };
		DC31F7A622DB5EC000BDF29C /* game.c */ = {isa = PBXFileReference; lastKnownFileType = sourcecode.c.c; path = game.c; sourceTree = "<group>"; };
		DC31F7A922DB644100BDF29C /* render.h */ = {isa = PBXFileReference; lastKnownFileType = sourcecode.c.h; path = render.h; sourceTree = "<group>"; };
		DC31F7AA22DB644100BDF29C /* render.c */ = {isa = PBXFileReference; lastKnownFileType = sourcecode.c.c; path = render.c; sourceTree = "<group>"; };
		DC31F7AC22DB662700BDF29C /* keyboard.h */ = {isa = PBXFileReference; lastKnownFileType = sourcecode.c.h; path = keyboard.h; sourceTree = "<group>"; };
		DC31F7AD22DB662700BDF29C /* keyboard.c */ = {isa = PBXFileReference; lastKnownFileType = sourcecode.c.c; path = keyboard.c; sourceTree = "<group>"; };
		DC31F7B022DB745200BDF29C /* level-title.h */ = {isa = PBXFileReference; lastKnownFileType = sourcecode.c.h; path = "level-title.h"; sourceTree = "<group>"; };
		DC31F7B122DB745200BDF29C /* level-title.c */ = {isa = PBXFileReference; lastKnownFileType = sourcecode.c.c; path = "level-title.c"; sourceTree = "<group>"; };
		DC31F7B722DB8ED600BDF29C /* game-over.h */ = {isa = PBXFileReference; lastKnownFileType = sourcecode.c.h; path = "game-over.h"; sourceTree = "<group>"; };
		DC31F7B822DB8ED600BDF29C /* game-over.c */ = {isa = PBXFileReference; lastKnownFileType = sourcecode.c.c; path = "game-over.c"; sourceTree = "<group>"; };
		DC33479C227F27CF0027F173 /* config.h */ = {isa = PBXFileReference; lastKnownFileType = sourcecode.c.h; path = config.h; sourceTree = "<group>"; };
		DC3347C12283D3320027F173 /* floodfill.h */ = {isa = PBXFileReference; lastKnownFileType = sourcecode.c.h; path = floodfill.h; sourceTree = "<group>"; };
		DC3347C22283D3320027F173 /* floodfill.c */ = {isa = PBXFileReference; lastKnownFileType = sourcecode.c.c; path = floodfill.c; sourceTree = "<group>"; };
		DC4A1EBC22DC94B300FAB5E1 /* transition.h */ = {isa = PBXFileReference; lastKnownFileType = sourcecode.c.h; path = transition.h; sourceTree = "<group>"; };
		DC4A1EBD22DC94B300FAB5E1 /* transition.c */ = {isa = PBXFileReference; lastKnownFileType = sourcecode.c.c; path = transition.c; sourceTree = "<group>"; };
		DC4A1EC322DCA8AA00FAB5E1 /* title.h */ = {isa = PBXFileReference; lastKnownFileType = sourcecode.c.h; path = title.h; sourceTree = "<group>"; };
		DC4A1EC422DCA8AA00FAB5E1 /* title.c */ = {isa = PBXFileReference; lastKnownFileType = sourcecode.c.c; path = title.c; sourceTree = "<group>"; };
		DC5F74DF228F1404007A2301 /* engine.h */ = {isa = PBXFileReference; lastKnownFileType = sourcecode.c.h; path = engine.h; sourceTree = "<group>"; };
		DC5F74E0228F1404007A2301 /* engine.c */ = {isa = PBXFileReference; lastKnownFileType = sourcecode.c.c; path = engine.c; sourceTree = "<group>"; };
		DC68FA1E22C237A30036515E /* player.h */ = {isa = PBXFileReference; lastKnownFileType = sourcecode.c.h; path = player.h; sourceTree = "<group>"; };
		DC68FA1F22C237A30036515E /* player.c */ = {isa = PBXFileReference; lastKnownFileType = sourcecode.c.c; path = player.c; sourceTree = "<group>"; };
		DC68FA2622C241EA0036515E /* enemy.h */ = {isa = PBXFileReference; lastKnownFileType = sourcecode.c.h; path = enemy.h; sourceTree = "<group>"; };
		DC68FA2722C241EA0036515E /* enemy.c */ = {isa = PBXFileReference; lastKnownFileType = sourcecode.c.c; path = enemy.c; sourceTree = "<group>"; };
		DC77734B225A168C00F8EA1B /* let-there-be-light-c */ = {isa = PBXFileReference; explicitFileType = "compiled.mach-o.executable"; includeInIndex = 0; path = "let-there-be-light-c"; sourceTree = BUILT_PRODUCTS_DIR; };
		DC77734E225A168C00F8EA1B /* main.c */ = {isa = PBXFileReference; lastKnownFileType = sourcecode.c.c; path = main.c; sourceTree = "<group>"; };
		DC777356225A169A00F8EA1B /* GLUT.framework */ = {isa = PBXFileReference; lastKnownFileType = wrapper.framework; name = GLUT.framework; path = System/Library/Frameworks/GLUT.framework; sourceTree = SDKROOT; };
		DC777357225A169A00F8EA1B /* OpenGL.framework */ = {isa = PBXFileReference; lastKnownFileType = wrapper.framework; name = OpenGL.framework; path = System/Library/Frameworks/OpenGL.framework; sourceTree = SDKROOT; };
		DC8A4C2D22774BDC00D6BCA4 /* glut.h */ = {isa = PBXFileReference; lastKnownFileType = sourcecode.c.h; path = glut.h; sourceTree = "<group>"; };
		DC8A4C2E2278819600D6BCA4 /* maze.h */ = {isa = PBXFileReference; lastKnownFileType = sourcecode.c.h; path = maze.h; sourceTree = "<group>"; };
		DC8A4C2F2278819600D6BCA4 /* maze.c */ = {isa = PBXFileReference; lastKnownFileType = sourcecode.c.c; path = maze.c; sourceTree = "<group>"; };
		DC8A4C312278826300D6BCA4 /* direction.h */ = {isa = PBXFileReference; lastKnownFileType = sourcecode.c.h; path = direction.h; sourceTree = "<group>"; };
		DC8A4C322278826300D6BCA4 /* direction.c */ = {isa = PBXFileReference; lastKnownFileType = sourcecode.c.c; path = direction.c; sourceTree = "<group>"; };
		DC8A4C34227889ED00D6BCA4 /* tile.h */ = {isa = PBXFileReference; lastKnownFileType = sourcecode.c.h; path = tile.h; sourceTree = "<group>"; };
		DC8A4C382278AB6B00D6BCA4 /* util.h */ = {isa = PBXFileReference; lastKnownFileType = sourcecode.c.h; path = util.h; sourceTree = "<group>"; };
		DC8A4C392278AB6B00D6BCA4 /* util.c */ = {isa = PBXFileReference; lastKnownFileType = sourcecode.c.c; path = util.c; sourceTree = "<group>"; };
		DC8A4C50227B52E500D6BCA4 /* list.h */ = {isa = PBXFileReference; lastKnownFileType = sourcecode.c.h; path = list.h; sourceTree = "<group>"; };
		DC8A4C51227B52E500D6BCA4 /* list.c */ = {isa = PBXFileReference; lastKnownFileType = sourcecode.c.c; path = list.c; sourceTree = "<group>"; };
		DC8B3D9922B3CBC700E863B3 /* texture.h */ = {isa = PBXFileReference; lastKnownFileType = sourcecode.c.h; path = texture.h; sourceTree = "<group>"; };
		DC8B3D9A22B3CBC700E863B3 /* texture.c */ = {isa = PBXFileReference; lastKnownFileType = sourcecode.c.c; path = texture.c; sourceTree = "<group>"; };
		DC8B3DA422B64F6700E863B3 /* state.h */ = {isa = PBXFileReference; lastKnownFileType = sourcecode.c.h; path = state.h; sourceTree = "<group>"; };
		DC8B3DA522B64F6700E863B3 /* state.c */ = {isa = PBXFileReference; lastKnownFileType = sourcecode.c.c; path = state.c; sourceTree = "<group>"; };
		DC8B3DA722B67DDA00E863B3 /* fx.h */ = {isa = PBXFileReference; lastKnownFileType = sourcecode.c.h; path = fx.h; sourceTree = "<group>"; };
		DC8B3DA822B67DDA00E863B3 /* fx.c */ = {isa = PBXFileReference; lastKnownFileType = sourcecode.c.c; path = fx.c; sourceTree = "<group>"; };
/* End PBXFileReference section */

/* Begin PBXFrameworksBuildPhase section */
		DC777348225A168C00F8EA1B /* Frameworks */ = {
			isa = PBXFrameworksBuildPhase;
			buildActionMask = 2147483647;
			files = (
				DC777358225A169A00F8EA1B /* GLUT.framework in Frameworks */,
				DC777359225A169A00F8EA1B /* OpenGL.framework in Frameworks */,
			);
			runOnlyForDeploymentPostprocessing = 0;
		};
/* End PBXFrameworksBuildPhase section */

/* Begin PBXGroup section */
		DC31F76522CF826900BDF29C /* scene */ = {
			isa = PBXGroup;
			children = (
				DC4A1EC222DCA7B100FAB5E1 /* title */,
				DC31F7B622DB8E2D00BDF29C /* game-over */,
				DC31F7AF22DB739700BDF29C /* level-title */,
				DC31F7A822DB631600BDF29C /* game */,
				DC31F7A222DB2BE200BDF29C /* scene.h */,
				DC31F7A322DB2BE200BDF29C /* scene.c */,
				DC4A1EBC22DC94B300FAB5E1 /* transition.h */,
				DC4A1EBD22DC94B300FAB5E1 /* transition.c */,
			);
			path = scene;
			sourceTree = "<group>";
		};
		DC31F7A822DB631600BDF29C /* game */ = {
			isa = PBXGroup;
			children = (
				DC68FA2722C241EA0036515E /* enemy.c */,
				DC68FA2622C241EA0036515E /* enemy.h */,
				DC68FA1F22C237A30036515E /* player.c */,
				DC68FA1E22C237A30036515E /* player.h */,
				DC31F7A522DB5EC000BDF29C /* game.h */,
				DC31F7A622DB5EC000BDF29C /* game.c */,
				DC31F7A922DB644100BDF29C /* render.h */,
				DC31F7AA22DB644100BDF29C /* render.c */,
				DC31F7AC22DB662700BDF29C /* keyboard.h */,
				DC31F7AD22DB662700BDF29C /* keyboard.c */,
				DC8B3DA822B67DDA00E863B3 /* fx.c */,
				DC8B3DA722B67DDA00E863B3 /* fx.h */,
			);
			path = game;
			sourceTree = "<group>";
		};
		DC31F7AF22DB739700BDF29C /* level-title */ = {
			isa = PBXGroup;
			children = (
				DC31F7B022DB745200BDF29C /* level-title.h */,
				DC31F7B122DB745200BDF29C /* level-title.c */,
			);
			path = "level-title";
			sourceTree = "<group>";
		};
		DC31F7B622DB8E2D00BDF29C /* game-over */ = {
			isa = PBXGroup;
			children = (
				DC31F7B722DB8ED600BDF29C /* game-over.h */,
				DC31F7B822DB8ED600BDF29C /* game-over.c */,
			);
			path = "game-over";
			sourceTree = "<group>";
		};
		DC4A1EC222DCA7B100FAB5E1 /* title */ = {
			isa = PBXGroup;
			children = (
				DC4A1EC322DCA8AA00FAB5E1 /* title.h */,
				DC4A1EC422DCA8AA00FAB5E1 /* title.c */,
			);
			path = title;
			sourceTree = "<group>";
		};
		DC68FA2A22C2500F0036515E /* maze */ = {
			isa = PBXGroup;
			children = (
				DC8A4C322278826300D6BCA4 /* direction.c */,
				DC8A4C312278826300D6BCA4 /* direction.h */,
				DC3347C22283D3320027F173 /* floodfill.c */,
				DC3347C12283D3320027F173 /* floodfill.h */,
				DC8A4C2F2278819600D6BCA4 /* maze.c */,
				DC8A4C2E2278819600D6BCA4 /* maze.h */,
				DC8A4C34227889ED00D6BCA4 /* tile.h */,
			);
			path = maze;
			sourceTree = "<group>";
		};
		DC68FA2D22C252B00036515E /* engine */ = {
			isa = PBXGroup;
			children = (
				DC5F74E0228F1404007A2301 /* engine.c */,
				DC5F74DF228F1404007A2301 /* engine.h */,
				DC8B3D9A22B3CBC700E863B3 /* texture.c */,
				DC8B3D9922B3CBC700E863B3 /* texture.h */,
			);
			path = engine;
			sourceTree = "<group>";
		};
		DC68FA2E22C252C70036515E /* util */ = {
			isa = PBXGroup;
			children = (
				DC8A4C51227B52E500D6BCA4 /* list.c */,
				DC8A4C50227B52E500D6BCA4 /* list.h */,
				DC8A4C392278AB6B00D6BCA4 /* util.c */,
				DC8A4C382278AB6B00D6BCA4 /* util.h */,
			);
			path = util;
			sourceTree = "<group>";
		};
		DC777342225A168C00F8EA1B = {
			isa = PBXGroup;
			children = (
				DC77734D225A168C00F8EA1B /* let-there-be-light-c */,
				DC77734C225A168C00F8EA1B /* Products */,
				DC777355225A169A00F8EA1B /* Frameworks */,
			);
			sourceTree = "<group>";
		};
		DC77734C225A168C00F8EA1B /* Products */ = {
			isa = PBXGroup;
			children = (
				DC77734B225A168C00F8EA1B /* let-there-be-light-c */,
			);
			name = Products;
			sourceTree = "<group>";
		};
		DC77734D225A168C00F8EA1B /* let-there-be-light-c */ = {
			isa = PBXGroup;
			children = (
				DC77734E225A168C00F8EA1B /* main.c */,
				DC33479C227F27CF0027F173 /* config.h */,
				DC8A4C2D22774BDC00D6BCA4 /* glut.h */,
				DC8B3DA522B64F6700E863B3 /* state.c */,
				DC8B3DA422B64F6700E863B3 /* state.h */,
				DC31F76522CF826900BDF29C /* scene */,
				DC68FA2A22C2500F0036515E /* maze */,
				DC68FA2D22C252B00036515E /* engine */,
				DC68FA2E22C252C70036515E /* util */,
			);
			path = "let-there-be-light-c";
			sourceTree = "<group>";
		};
		DC777355225A169A00F8EA1B /* Frameworks */ = {
			isa = PBXGroup;
			children = (
				DC777356225A169A00F8EA1B /* GLUT.framework */,
				DC777357225A169A00F8EA1B /* OpenGL.framework */,
			);
			name = Frameworks;
			sourceTree = "<group>";
		};
/* End PBXGroup section */

/* Begin PBXNativeTarget section */
		DC77734A225A168C00F8EA1B /* let-there-be-light-c */ = {
			isa = PBXNativeTarget;
			buildConfigurationList = DC777352225A168C00F8EA1B /* Build configuration list for PBXNativeTarget "let-there-be-light-c" */;
			buildPhases = (
				DC777347225A168C00F8EA1B /* Sources */,
				DC777348225A168C00F8EA1B /* Frameworks */,
				DC777349225A168C00F8EA1B /* CopyFiles */,
			);
			buildRules = (
			);
			dependencies = (
			);
			name = "let-there-be-light-c";
			productName = "let-there-be-light-c";
			productReference = DC77734B225A168C00F8EA1B /* let-there-be-light-c */;
			productType = "com.apple.product-type.tool";
		};
/* End PBXNativeTarget section */

/* Begin PBXProject section */
		DC777343225A168C00F8EA1B /* Project object */ = {
			isa = PBXProject;
			attributes = {
				LastUpgradeCheck = 1020;
				ORGANIZATIONNAME = "Dolphin Wood";
				TargetAttributes = {
					DC77734A225A168C00F8EA1B = {
						CreatedOnToolsVersion = 10.2;
					};
				};
			};
			buildConfigurationList = DC777346225A168C00F8EA1B /* Build configuration list for PBXProject "let-there-be-light-c" */;
			compatibilityVersion = "Xcode 9.3";
			developmentRegion = en;
			hasScannedForEncodings = 0;
			knownRegions = (
				en,
			);
			mainGroup = DC777342225A168C00F8EA1B;
			productRefGroup = DC77734C225A168C00F8EA1B /* Products */;
			projectDirPath = "";
			projectRoot = "";
			targets = (
				DC77734A225A168C00F8EA1B /* let-there-be-light-c */,
			);
		};
/* End PBXProject section */

/* Begin PBXSourcesBuildPhase section */
		DC777347225A168C00F8EA1B /* Sources */ = {
			isa = PBXSourcesBuildPhase;
			buildActionMask = 2147483647;
			files = (
				DC68FA2822C241EA0036515E /* enemy.c in Sources */,
				DC31F7A722DB5EC000BDF29C /* game.c in Sources */,
				DC68FA2022C237A30036515E /* player.c in Sources */,
				DC8A4C52227B52E500D6BCA4 /* list.c in Sources */,
				DC3347C32283D3320027F173 /* floodfill.c in Sources */,
				DC31F7AE22DB662700BDF29C /* keyboard.c in Sources */,
				DC4A1EC522DCA8AA00FAB5E1 /* title.c in Sources */,
				DC31F7A422DB2BE200BDF29C /* scene.c in Sources */,
				DC8B3DA622B64F6700E863B3 /* state.c in Sources */,
				DC8B3DA922B67DDA00E863B3 /* fx.c in Sources */,
				DC4A1EBE22DC94B300FAB5E1 /* transition.c in Sources */,
				DC31F7AB22DB644100BDF29C /* render.c in Sources */,
				DC31F7B222DB745200BDF29C /* level-title.c in Sources */,
				DC5F74E1228F1404007A2301 /* engine.c in Sources */,
				DC8B3D9B22B3CBC700E863B3 /* texture.c in Sources */,
				DC8A4C332278826300D6BCA4 /* direction.c in Sources */,
				DC8A4C3A2278AB6B00D6BCA4 /* util.c in Sources */,
				DC31F7B922DB8ED600BDF29C /* game-over.c in Sources */,
				DC8A4C302278819600D6BCA4 /* maze.c in Sources */,
				DC77734F225A168C00F8EA1B /* main.c in Sources */,
			);
			runOnlyForDeploymentPostprocessing = 0;
		};
/* End PBXSourcesBuildPhase section */

/* Begin XCBuildConfiguration section */
		DC777350225A168C00F8EA1B /* Debug */ = {
			isa = XCBuildConfiguration;
			buildSettings = {
				ALWAYS_SEARCH_USER_PATHS = NO;
				CLANG_ANALYZER_NONNULL = YES;
				CLANG_ANALYZER_NUMBER_OBJECT_CONVERSION = YES_AGGRESSIVE;
				CLANG_CXX_LANGUAGE_STANDARD = "gnu++14";
				CLANG_CXX_LIBRARY = "libc++";
				CLANG_ENABLE_MODULES = YES;
				CLANG_ENABLE_OBJC_ARC = YES;
				CLANG_ENABLE_OBJC_WEAK = YES;
				CLANG_WARN_BLOCK_CAPTURE_AUTORELEASING = YES;
				CLANG_WARN_BOOL_CONVERSION = YES;
				CLANG_WARN_COMMA = YES;
				CLANG_WARN_CONSTANT_CONVERSION = YES;
				CLANG_WARN_DEPRECATED_OBJC_IMPLEMENTATIONS = YES;
				CLANG_WARN_DIRECT_OBJC_ISA_USAGE = YES_ERROR;
				CLANG_WARN_DOCUMENTATION_COMMENTS = YES;
				CLANG_WARN_EMPTY_BODY = YES;
				CLANG_WARN_ENUM_CONVERSION = YES;
				CLANG_WARN_INFINITE_RECURSION = YES;
				CLANG_WARN_INT_CONVERSION = YES;
				CLANG_WARN_NON_LITERAL_NULL_CONVERSION = YES;
				CLANG_WARN_OBJC_IMPLICIT_RETAIN_SELF = YES;
				CLANG_WARN_OBJC_LITERAL_CONVERSION = YES;
				CLANG_WARN_OBJC_ROOT_CLASS = YES_ERROR;
				CLANG_WARN_RANGE_LOOP_ANALYSIS = YES;
				CLANG_WARN_STRICT_PROTOTYPES = YES;
				CLANG_WARN_SUSPICIOUS_MOVE = YES;
				CLANG_WARN_UNGUARDED_AVAILABILITY = YES_AGGRESSIVE;
				CLANG_WARN_UNREACHABLE_CODE = YES;
				CLANG_WARN__DUPLICATE_METHOD_MATCH = YES;
				CODE_SIGN_IDENTITY = "-";
				COPY_PHASE_STRIP = NO;
				DEBUG_INFORMATION_FORMAT = dwarf;
				ENABLE_STRICT_OBJC_MSGSEND = YES;
				ENABLE_TESTABILITY = YES;
				GCC_C_LANGUAGE_STANDARD = gnu11;
				GCC_DYNAMIC_NO_PIC = NO;
				GCC_NO_COMMON_BLOCKS = YES;
				GCC_OPTIMIZATION_LEVEL = 0;
				GCC_PREPROCESSOR_DEFINITIONS = (
					"DEBUG=1",
					"$(inherited)",
				);
				GCC_WARN_64_TO_32_BIT_CONVERSION = YES;
				GCC_WARN_ABOUT_RETURN_TYPE = YES_ERROR;
				GCC_WARN_UNDECLARED_SELECTOR = YES;
				GCC_WARN_UNINITIALIZED_AUTOS = YES_AGGRESSIVE;
				GCC_WARN_UNUSED_FUNCTION = YES;
				GCC_WARN_UNUSED_VARIABLE = YES;
				MACOSX_DEPLOYMENT_TARGET = 10.14;
				MTL_ENABLE_DEBUG_INFO = INCLUDE_SOURCE;
				MTL_FAST_MATH = YES;
				ONLY_ACTIVE_ARCH = YES;
				SDKROOT = macosx;
			};
			name = Debug;
		};
		DC777351225A168C00F8EA1B /* Release */ = {
			isa = XCBuildConfiguration;
			buildSettings = {
				ALWAYS_SEARCH_USER_PATHS = NO;
				CLANG_ANALYZER_NONNULL = YES;
				CLANG_ANALYZER_NUMBER_OBJECT_CONVERSION = YES_AGGRESSIVE;
				CLANG_CXX_LANGUAGE_STANDARD = "gnu++14";
				CLANG_CXX_LIBRARY = "libc++";
				CLANG_ENABLE_MODULES = YES;
				CLANG_ENABLE_OBJC_ARC = YES;
				CLANG_ENABLE_OBJC_WEAK = YES;
				CLANG_WARN_BLOCK_CAPTURE_AUTORELEASING = YES;
				CLANG_WARN_BOOL_CONVERSION = YES;
				CLANG_WARN_COMMA = YES;
				CLANG_WARN_CONSTANT_CONVERSION = YES;
				CLANG_WARN_DEPRECATED_OBJC_IMPLEMENTATIONS = YES;
				CLANG_WARN_DIRECT_OBJC_ISA_USAGE = YES_ERROR;
				CLANG_WARN_DOCUMENTATION_COMMENTS = YES;
				CLANG_WARN_EMPTY_BODY = YES;
				CLANG_WARN_ENUM_CONVERSION = YES;
				CLANG_WARN_INFINITE_RECURSION = YES;
				CLANG_WARN_INT_CONVERSION = YES;
				CLANG_WARN_NON_LITERAL_NULL_CONVERSION = YES;
				CLANG_WARN_OBJC_IMPLICIT_RETAIN_SELF = YES;
				CLANG_WARN_OBJC_LITERAL_CONVERSION = YES;
				CLANG_WARN_OBJC_ROOT_CLASS = YES_ERROR;
				CLANG_WARN_RANGE_LOOP_ANALYSIS = YES;
				CLANG_WARN_STRICT_PROTOTYPES = YES;
				CLANG_WARN_SUSPICIOUS_MOVE = YES;
				CLANG_WARN_UNGUARDED_AVAILABILITY = YES_AGGRESSIVE;
				CLANG_WARN_UNREACHABLE_CODE = YES;
				CLANG_WARN__DUPLICATE_METHOD_MATCH = YES;
				CODE_SIGN_IDENTITY = "-";
				COPY_PHASE_STRIP = NO;
				DEBUG_INFORMATION_FORMAT = "dwarf-with-dsym";
				ENABLE_NS_ASSERTIONS = NO;
				ENABLE_STRICT_OBJC_MSGSEND = YES;
				GCC_C_LANGUAGE_STANDARD = gnu11;
				GCC_NO_COMMON_BLOCKS = YES;
				GCC_WARN_64_TO_32_BIT_CONVERSION = YES;
				GCC_WARN_ABOUT_RETURN_TYPE = YES_ERROR;
				GCC_WARN_UNDECLARED_SELECTOR = YES;
				GCC_WARN_UNINITIALIZED_AUTOS = YES_AGGRESSIVE;
				GCC_WARN_UNUSED_FUNCTION = YES;
				GCC_WARN_UNUSED_VARIABLE = YES;
				MACOSX_DEPLOYMENT_TARGET = 10.14;
				MTL_ENABLE_DEBUG_INFO = NO;
				MTL_FAST_MATH = YES;
				SDKROOT = macosx;
			};
			name = Release;
		};
		DC777353225A168C00F8EA1B /* Debug */ = {
			isa = XCBuildConfiguration;
			buildSettings = {
				CODE_SIGN_STYLE = Automatic;
				GCC_C_LANGUAGE_STANDARD = gnu11;
				GCC_WARN_ABOUT_DEPRECATED_FUNCTIONS = NO;
				"OTHER_CFLAGS[arch=*]" = (
					"-Wall",
					"-Wextra",
				);
				PRODUCT_NAME = "$(TARGET_NAME)";
				"USER_HEADER_SEARCH_PATHS[arch=*]" = "/Users/Dolphin_Wood/Desktop/Project/let-there-be-light-c/let-there-be-light-c";
				"WARNING_CFLAGS[arch=*]" = (
					"-Wall",
					"-Wextra",
				);
			};
			name = Debug;
		};
		DC777354225A168C00F8EA1B /* Release */ = {
			isa = XCBuildConfiguration;
			buildSettings = {
				CODE_SIGN_STYLE = Automatic;
				GCC_C_LANGUAGE_STANDARD = gnu11;
				GCC_WARN_ABOUT_DEPRECATED_FUNCTIONS = NO;
				PRODUCT_NAME = "$(TARGET_NAME)";
			};
			name = Release;
		};
/* End XCBuildConfiguration section */

/* Begin XCConfigurationList section */
		DC777346225A168C00F8EA1B /* Build configuration list for PBXProject "let-there-be-light-c" */ = {
			isa = XCConfigurationList;
			buildConfigurations = (
				DC777350225A168C00F8EA1B /* Debug */,
				DC777351225A168C00F8EA1B /* Release */,
			);
			defaultConfigurationIsVisible = 0;
			defaultConfigurationName = Release;
		};
		DC777352225A168C00F8EA1B /* Build configuration list for PBXNativeTarget "let-there-be-light-c" */ = {
			isa = XCConfigurationList;
			buildConfigurations = (
				DC777353225A168C00F8EA1B /* Debug */,
				DC777354225A168C00F8EA1B /* Release */,
			);
			defaultConfigurationIsVisible = 0;
			defaultConfigurationName = Release;
		};
/* End XCConfigurationList section */
	};
	rootObject = DC777343225A168C00F8EA1B /* Project object */;
}
